
Microsoft Visual Studio Solution File, Format Version 12.00
# Visual Studio Version 16
VisualStudioVersion = 16.0.30002.166
MinimumVisualStudioVersion = 10.0.40219.1
Project("{FAE04EC0-301F-11D3-BF4B-00C04F79EFBC}") = "Shopping Spree", "Shopping Spree\Shopping Spree.csproj", "{7F8910BC-6C20-4107-B867-85AF7A372314}"
EndProject
Global
	GlobalSection(SolutionConfigurationPlatforms) = preSolution
		Debug|Any CPU = Debug|Any CPU
		Release|Any CPU = Release|Any CPU
	EndGlobalSection
	GlobalSection(ProjectConfigurationPlatforms) = postSolution
		{7F8910BC-6C20-4107-B867-85AF7A372314}.Debug|Any CPU.ActiveCfg = Debug|Any CPU
		{7F8910BC-6C20-4107-B867-85AF7A372314}.Debug|Any CPU.Build.0 = Debug|Any CPU
		{7F8910BC-6C20-4107-B867-85AF7A372314}.Release|Any CPU.ActiveCfg = Release|Any CPU
		{7F8910BC-6C20-4107-B867-85AF7A372314}.Release|Any CPU.Build.0 = Release|Any CPU
	EndGlobalSection
	GlobalSection(SolutionProperties) = preSolution
		HideSolutionNode = FALSE
	EndGlobalSection
	GlobalSection(ExtensibilityGlobals) = postSolution
		SolutionGuid = {5C27BFE3-D6AA-4EA9-B890-9E8EAE93944C}
	EndGlobalSection
EndGlobal
