
Microsoft Visual Studio Solution File, Format Version 12.00
# Visual Studio Version 16
VisualStudioVersion = 16.0.30011.22
MinimumVisualStudioVersion = 10.0.40219.1
Project("{FAE04EC0-301F-11D3-BF4B-00C04F79EFBC}") = "Raiding", "Raiding\Raiding.csproj", "{1482E08E-EE91-4F6A-B7FF-AB78CFBEA7CA}"
EndProject
Global
	GlobalSection(SolutionConfigurationPlatforms) = preSolution
		Debug|Any CPU = Debug|Any CPU
		Release|Any CPU = Release|Any CPU
	EndGlobalSection
	GlobalSection(ProjectConfigurationPlatforms) = postSolution
		{1482E08E-EE91-4F6A-B7FF-AB78CFBEA7CA}.Debug|Any CPU.ActiveCfg = Debug|Any CPU
		{1482E08E-EE91-4F6A-B7FF-AB78CFBEA7CA}.Debug|Any CPU.Build.0 = Debug|Any CPU
		{1482E08E-EE91-4F6A-B7FF-AB78CFBEA7CA}.Release|Any CPU.ActiveCfg = Release|Any CPU
		{1482E08E-EE91-4F6A-B7FF-AB78CFBEA7CA}.Release|Any CPU.Build.0 = Release|Any CPU
	EndGlobalSection
	GlobalSection(SolutionProperties) = preSolution
		HideSolutionNode = FALSE
	EndGlobalSection
	GlobalSection(ExtensibilityGlobals) = postSolution
		SolutionGuid = {8B6ADF18-45A2-4A49-A253-C2172A358410}
	EndGlobalSection
EndGlobal
