
Microsoft Visual Studio Solution File, Format Version 12.00
# Visual Studio Version 16
VisualStudioVersion = 16.0.29920.165
MinimumVisualStudioVersion = 10.0.40219.1
Project("{FAE04EC0-301F-11D3-BF4B-00C04F79EFBC}") = "Rhombus of Stars", "Rhombus of Stars\Rhombus of Stars.csproj", "{67A128D6-79D8-4118-82D2-1DC66EDDE150}"
EndProject
Global
	GlobalSection(SolutionConfigurationPlatforms) = preSolution
		Debug|Any CPU = Debug|Any CPU
		Release|Any CPU = Release|Any CPU
	EndGlobalSection
	GlobalSection(ProjectConfigurationPlatforms) = postSolution
		{67A128D6-79D8-4118-82D2-1DC66EDDE150}.Debug|Any CPU.ActiveCfg = Debug|Any CPU
		{67A128D6-79D8-4118-82D2-1DC66EDDE150}.Debug|Any CPU.Build.0 = Debug|Any CPU
		{67A128D6-79D8-4118-82D2-1DC66EDDE150}.Release|Any CPU.ActiveCfg = Release|Any CPU
		{67A128D6-79D8-4118-82D2-1DC66EDDE150}.Release|Any CPU.Build.0 = Release|Any CPU
	EndGlobalSection
	GlobalSection(SolutionProperties) = preSolution
		HideSolutionNode = FALSE
	EndGlobalSection
	GlobalSection(ExtensibilityGlobals) = postSolution
		SolutionGuid = {A31071DC-94F2-46E0-A5C6-D28B5EACAD9B}
	EndGlobalSection
EndGlobal
