
Microsoft Visual Studio Solution File, Format Version 12.00
# Visual Studio Version 16
VisualStudioVersion = 16.0.30002.166
MinimumVisualStudioVersion = 10.0.40219.1
Project("{FAE04EC0-301F-11D3-BF4B-00C04F79EFBC}") = "Validation of Data", "Validation of Data\Validation of Data.csproj", "{185C023D-23FA-495D-B6FD-F9E317A1D9DC}"
EndProject
Global
	GlobalSection(SolutionConfigurationPlatforms) = preSolution
		Debug|Any CPU = Debug|Any CPU
		Release|Any CPU = Release|Any CPU
	EndGlobalSection
	GlobalSection(ProjectConfigurationPlatforms) = postSolution
		{185C023D-23FA-495D-B6FD-F9E317A1D9DC}.Debug|Any CPU.ActiveCfg = Debug|Any CPU
		{185C023D-23FA-495D-B6FD-F9E317A1D9DC}.Debug|Any CPU.Build.0 = Debug|Any CPU
		{185C023D-23FA-495D-B6FD-F9E317A1D9DC}.Release|Any CPU.ActiveCfg = Release|Any CPU
		{185C023D-23FA-495D-B6FD-F9E317A1D9DC}.Release|Any CPU.Build.0 = Release|Any CPU
	EndGlobalSection
	GlobalSection(SolutionProperties) = preSolution
		HideSolutionNode = FALSE
	EndGlobalSection
	GlobalSection(ExtensibilityGlobals) = postSolution
		SolutionGuid = {F71BCBC8-6AF5-4660-8282-6C283C3B1D70}
	EndGlobalSection
EndGlobal
