
Microsoft Visual Studio Solution File, Format Version 12.00
# Visual Studio Version 16
VisualStudioVersion = 16.0.29920.165
MinimumVisualStudioVersion = 10.0.40219.1
Project("{FAE04EC0-301F-11D3-BF4B-00C04F79EFBC}") = "Single Inheritance", "Single Inheritance\Single Inheritance.csproj", "{1584ABF9-C3C4-46CB-B466-000918D5F4A5}"
EndProject
Global
	GlobalSection(SolutionConfigurationPlatforms) = preSolution
		Debug|Any CPU = Debug|Any CPU
		Release|Any CPU = Release|Any CPU
	EndGlobalSection
	GlobalSection(ProjectConfigurationPlatforms) = postSolution
		{1584ABF9-C3C4-46CB-B466-000918D5F4A5}.Debug|Any CPU.ActiveCfg = Debug|Any CPU
		{1584ABF9-C3C4-46CB-B466-000918D5F4A5}.Debug|Any CPU.Build.0 = Debug|Any CPU
		{1584ABF9-C3C4-46CB-B466-000918D5F4A5}.Release|Any CPU.ActiveCfg = Release|Any CPU
		{1584ABF9-C3C4-46CB-B466-000918D5F4A5}.Release|Any CPU.Build.0 = Release|Any CPU
	EndGlobalSection
	GlobalSection(SolutionProperties) = preSolution
		HideSolutionNode = FALSE
	EndGlobalSection
	GlobalSection(ExtensibilityGlobals) = postSolution
		SolutionGuid = {C1CF4935-3369-4507-961C-FE35265F6D5F}
	EndGlobalSection
EndGlobal
