
Microsoft Visual Studio Solution File, Format Version 12.00
# Visual Studio Version 16
VisualStudioVersion = 16.0.30002.166
MinimumVisualStudioVersion = 10.0.40219.1
Project("{FAE04EC0-301F-11D3-BF4B-00C04F79EFBC}") = "MultipleImplementation", "MultipleImplementation\MultipleImplementation.csproj", "{1B5492BB-1DC3-45A3-897C-53DAC818B659}"
EndProject
Global
	GlobalSection(SolutionConfigurationPlatforms) = preSolution
		Debug|Any CPU = Debug|Any CPU
		Release|Any CPU = Release|Any CPU
	EndGlobalSection
	GlobalSection(ProjectConfigurationPlatforms) = postSolution
		{1B5492BB-1DC3-45A3-897C-53DAC818B659}.Debug|Any CPU.ActiveCfg = Debug|Any CPU
		{1B5492BB-1DC3-45A3-897C-53DAC818B659}.Debug|Any CPU.Build.0 = Debug|Any CPU
		{1B5492BB-1DC3-45A3-897C-53DAC818B659}.Release|Any CPU.ActiveCfg = Release|Any CPU
		{1B5492BB-1DC3-45A3-897C-53DAC818B659}.Release|Any CPU.Build.0 = Release|Any CPU
	EndGlobalSection
	GlobalSection(SolutionProperties) = preSolution
		HideSolutionNode = FALSE
	EndGlobalSection
	GlobalSection(ExtensibilityGlobals) = postSolution
		SolutionGuid = {701E592B-2191-438B-92DE-251B6D0D3A9D}
	EndGlobalSection
EndGlobal
