
Microsoft Visual Studio Solution File, Format Version 12.00
# Visual Studio Version 16
VisualStudioVersion = 16.0.30002.166
MinimumVisualStudioVersion = 10.0.40219.1
Project("{FAE04EC0-301F-11D3-BF4B-00C04F79EFBC}") = "MathOperation", "MathOperation\MathOperation.csproj", "{F46A9E03-390F-4BF2-A197-749F9DC27CAE}"
EndProject
Global
	GlobalSection(SolutionConfigurationPlatforms) = preSolution
		Debug|Any CPU = Debug|Any CPU
		Release|Any CPU = Release|Any CPU
	EndGlobalSection
	GlobalSection(ProjectConfigurationPlatforms) = postSolution
		{F46A9E03-390F-4BF2-A197-749F9DC27CAE}.Debug|Any CPU.ActiveCfg = Debug|Any CPU
		{F46A9E03-390F-4BF2-A197-749F9DC27CAE}.Debug|Any CPU.Build.0 = Debug|Any CPU
		{F46A9E03-390F-4BF2-A197-749F9DC27CAE}.Release|Any CPU.ActiveCfg = Release|Any CPU
		{F46A9E03-390F-4BF2-A197-749F9DC27CAE}.Release|Any CPU.Build.0 = Release|Any CPU
	EndGlobalSection
	GlobalSection(SolutionProperties) = preSolution
		HideSolutionNode = FALSE
	EndGlobalSection
	GlobalSection(ExtensibilityGlobals) = postSolution
		SolutionGuid = {F75680AC-0D34-48AC-A4FE-A1C82C5A7965}
	EndGlobalSection
EndGlobal
