
Microsoft Visual Studio Solution File, Format Version 12.00
# Visual Studio Version 16
VisualStudioVersion = 16.0.30002.166
MinimumVisualStudioVersion = 10.0.40219.1
Project("{FAE04EC0-301F-11D3-BF4B-00C04F79EFBC}") = "Vehicles", "Vehicles\Vehicles.csproj", "{4FFCEE5C-38DD-489B-B230-26CB075EDE0B}"
EndProject
Global
	GlobalSection(SolutionConfigurationPlatforms) = preSolution
		Debug|Any CPU = Debug|Any CPU
		Release|Any CPU = Release|Any CPU
	EndGlobalSection
	GlobalSection(ProjectConfigurationPlatforms) = postSolution
		{4FFCEE5C-38DD-489B-B230-26CB075EDE0B}.Debug|Any CPU.ActiveCfg = Debug|Any CPU
		{4FFCEE5C-38DD-489B-B230-26CB075EDE0B}.Debug|Any CPU.Build.0 = Debug|Any CPU
		{4FFCEE5C-38DD-489B-B230-26CB075EDE0B}.Release|Any CPU.ActiveCfg = Release|Any CPU
		{4FFCEE5C-38DD-489B-B230-26CB075EDE0B}.Release|Any CPU.Build.0 = Release|Any CPU
	EndGlobalSection
	GlobalSection(SolutionProperties) = preSolution
		HideSolutionNode = FALSE
	EndGlobalSection
	GlobalSection(ExtensibilityGlobals) = postSolution
		SolutionGuid = {8089B83E-25B7-410F-904C-0559EB4FA702}
	EndGlobalSection
EndGlobal
